
Microsoft Visual Studio Solution File, Format Version 12.00
# Visual Studio Version 17
VisualStudioVersion = 17.11.35303.130
MinimumVisualStudioVersion = 10.0.40219.1
Project("{2150E333-8FDC-42A3-9474-1A3956D46DE8}") = "Services", "Services", "{768AA1F7-9991-4D90-986B-46C67280A51E}"
EndProject
Project("{2150E333-8FDC-42A3-9474-1A3956D46DE8}") = "Catalog", "Catalog", "{2832CF98-28B7-4EF8-952A-16E010FB4CF3}"
EndProject
Project("{9A19103F-16F7-4668-BE54-9A1E7A4F7556}") = "MultiShop.Catalog", "Services\Catalog\MultiShop.Catalog\MultiShop.Catalog.csproj", "{C9AF6593-1050-4E81-A5B4-8BEEC359AE54}"
EndProject
Project("{2150E333-8FDC-42A3-9474-1A3956D46DE8}") = "Discount", "Discount", "{827A3753-901B-4386-BB1C-6F7A141F96E8}"
EndProject
Project("{9A19103F-16F7-4668-BE54-9A1E7A4F7556}") = "MultiShop.Discount", "Services\Discount\MultiShop.Discount\MultiShop.Discount.csproj", "{4420ABA2-6122-4B8D-BAD6-15C173D9CB1D}"
EndProject
Project("{2150E333-8FDC-42A3-9474-1A3956D46DE8}") = "Order", "Order", "{5E2C3F24-B451-4CD2-89DA-34FB5DFBBE60}"
EndProject
Project("{2150E333-8FDC-42A3-9474-1A3956D46DE8}") = "Core", "Core", "{2F7AE640-930B-4B36-8287-B88AC74FACA2}"
EndProject
Project("{2150E333-8FDC-42A3-9474-1A3956D46DE8}") = "Infrastructure", "Infrastructure", "{D68CFA6A-3501-4559-BA6B-A239E6684C48}"
EndProject
Project("{2150E333-8FDC-42A3-9474-1A3956D46DE8}") = "Presentation", "Presentation", "{85A22659-2C3B-4604-9418-7BA894B644BA}"
EndProject
Project("{9A19103F-16F7-4668-BE54-9A1E7A4F7556}") = "MultiShop.Order.Domain", "Services\Order\Core\MultiShop.Order.Domain\MultiShop.Order.Domain.csproj", "{6C49D17F-F49C-45E0-A5EF-2A724F33CE7F}"
EndProject
Project("{9A19103F-16F7-4668-BE54-9A1E7A4F7556}") = "MultiShop.Order.Application", "Services\Order\Core\MultiShop.Order.Application\MultiShop.Order.Application.csproj", "{88F3FB09-C3DD-491F-BFC0-27FA495E689B}"
EndProject
Project("{9A19103F-16F7-4668-BE54-9A1E7A4F7556}") = "MultiShop.Order.Persistence", "Services\Order\Core\Infrastructure\MultiShop.Order.Persistence\MultiShop.Order.Persistence.csproj", "{EE893D09-A97F-4B95-B704-DB9E04773960}"
EndProject
Project("{9A19103F-16F7-4668-BE54-9A1E7A4F7556}") = "MultiShop.Order.WebApi", "Services\Order\Presentation\MultiShop.Order.WebApi\MultiShop.Order.WebApi.csproj", "{4740A6EC-11B2-4A59-B092-7C0C8E2CC2E7}"
EndProject
Project("{2150E333-8FDC-42A3-9474-1A3956D46DE8}") = "IdentityServer", "IdentityServer", "{4426781E-4250-4077-AAC1-56F0102283DB}"
EndProject
Project("{9A19103F-16F7-4668-BE54-9A1E7A4F7556}") = "MultiShop.IdentityServer", "IdentityServer\MultiShop.IdentityServer\MultiShop.IdentityServer.csproj", "{7C6283BC-2BBD-438F-870B-6C332FB66375}"
EndProject
Project("{2150E333-8FDC-42A3-9474-1A3956D46DE8}") = "Cargo", "Cargo", "{8673852D-1746-466A-942D-10889AF196C3}"
EndProject
Project("{FAE04EC0-301F-11D3-BF4B-00C04F79EFBC}") = "MultiShop.Cargo.EntityLayer", "Services\Cargo\MultiShop.Cargo.EntityLayer\MultiShop.Cargo.EntityLayer.csproj", "{2C36AADB-9E12-4388-85C2-8880FE2224E2}"
EndProject
Project("{FAE04EC0-301F-11D3-BF4B-00C04F79EFBC}") = "MultiShop.Cargo.BusinessLayer", "Services\Cargo\MultiShop.Cargo.BusinessLayer\MultiShop.Cargo.BusinessLayer.csproj", "{4CE5D8D3-91CC-4ECD-AF9D-73C77F66E268}"
EndProject
Project("{FAE04EC0-301F-11D3-BF4B-00C04F79EFBC}") = "MultiShop.Cargo.DataAccessLayer", "Services\Cargo\MultiShop.Cargo.DataAccessLayer\MultiShop.Cargo.DataAccessLayer.csproj", "{D940FE9A-8366-4CC5-9ED9-9DBB8D916AA0}"
EndProject
Project("{FAE04EC0-301F-11D3-BF4B-00C04F79EFBC}") = "MultiShop.Cargo.DtoLayer", "Services\Cargo\MultiShop.Cargo.DtoLayer\MultiShop.Cargo.DtoLayer.csproj", "{7D014603-E05A-4B1F-B7F5-97006936F19D}"
EndProject
Project("{FAE04EC0-301F-11D3-BF4B-00C04F79EFBC}") = "MultiShop.Cargo.WebApi", "Services\Cargo\MultiShop.Cargo.WebApi\MultiShop.Cargo.WebApi.csproj", "{441E98C1-CA3E-4D19-8EBA-DB282B86A1C0}"
EndProject
Global
	GlobalSection(SolutionConfigurationPlatforms) = preSolution
		Debug|Any CPU = Debug|Any CPU
		Release|Any CPU = Release|Any CPU
	EndGlobalSection
	GlobalSection(ProjectConfigurationPlatforms) = postSolution
		{C9AF6593-1050-4E81-A5B4-8BEEC359AE54}.Debug|Any CPU.ActiveCfg = Debug|Any CPU
		{C9AF6593-1050-4E81-A5B4-8BEEC359AE54}.Debug|Any CPU.Build.0 = Debug|Any CPU
		{C9AF6593-1050-4E81-A5B4-8BEEC359AE54}.Release|Any CPU.ActiveCfg = Release|Any CPU
		{C9AF6593-1050-4E81-A5B4-8BEEC359AE54}.Release|Any CPU.Build.0 = Release|Any CPU
		{4420ABA2-6122-4B8D-BAD6-15C173D9CB1D}.Debug|Any CPU.ActiveCfg = Debug|Any CPU
		{4420ABA2-6122-4B8D-BAD6-15C173D9CB1D}.Debug|Any CPU.Build.0 = Debug|Any CPU
		{4420ABA2-6122-4B8D-BAD6-15C173D9CB1D}.Release|Any CPU.ActiveCfg = Release|Any CPU
		{4420ABA2-6122-4B8D-BAD6-15C173D9CB1D}.Release|Any CPU.Build.0 = Release|Any CPU
		{6C49D17F-F49C-45E0-A5EF-2A724F33CE7F}.Debug|Any CPU.ActiveCfg = Debug|Any CPU
		{6C49D17F-F49C-45E0-A5EF-2A724F33CE7F}.Debug|Any CPU.Build.0 = Debug|Any CPU
		{6C49D17F-F49C-45E0-A5EF-2A724F33CE7F}.Release|Any CPU.ActiveCfg = Release|Any CPU
		{6C49D17F-F49C-45E0-A5EF-2A724F33CE7F}.Release|Any CPU.Build.0 = Release|Any CPU
		{88F3FB09-C3DD-491F-BFC0-27FA495E689B}.Debug|Any CPU.ActiveCfg = Debug|Any CPU
		{88F3FB09-C3DD-491F-BFC0-27FA495E689B}.Debug|Any CPU.Build.0 = Debug|Any CPU
		{88F3FB09-C3DD-491F-BFC0-27FA495E689B}.Release|Any CPU.ActiveCfg = Release|Any CPU
		{88F3FB09-C3DD-491F-BFC0-27FA495E689B}.Release|Any CPU.Build.0 = Release|Any CPU
		{EE893D09-A97F-4B95-B704-DB9E04773960}.Debug|Any CPU.ActiveCfg = Debug|Any CPU
		{EE893D09-A97F-4B95-B704-DB9E04773960}.Debug|Any CPU.Build.0 = Debug|Any CPU
		{EE893D09-A97F-4B95-B704-DB9E04773960}.Release|Any CPU.ActiveCfg = Release|Any CPU
		{EE893D09-A97F-4B95-B704-DB9E04773960}.Release|Any CPU.Build.0 = Release|Any CPU
		{4740A6EC-11B2-4A59-B092-7C0C8E2CC2E7}.Debug|Any CPU.ActiveCfg = Debug|Any CPU
		{4740A6EC-11B2-4A59-B092-7C0C8E2CC2E7}.Debug|Any CPU.Build.0 = Debug|Any CPU
		{4740A6EC-11B2-4A59-B092-7C0C8E2CC2E7}.Release|Any CPU.ActiveCfg = Release|Any CPU
		{4740A6EC-11B2-4A59-B092-7C0C8E2CC2E7}.Release|Any CPU.Build.0 = Release|Any CPU
		{7C6283BC-2BBD-438F-870B-6C332FB66375}.Debug|Any CPU.ActiveCfg = Debug|Any CPU
		{7C6283BC-2BBD-438F-870B-6C332FB66375}.Debug|Any CPU.Build.0 = Debug|Any CPU
		{7C6283BC-2BBD-438F-870B-6C332FB66375}.Release|Any CPU.ActiveCfg = Release|Any CPU
		{7C6283BC-2BBD-438F-870B-6C332FB66375}.Release|Any CPU.Build.0 = Release|Any CPU
		{2C36AADB-9E12-4388-85C2-8880FE2224E2}.Debug|Any CPU.ActiveCfg = Debug|Any CPU
		{2C36AADB-9E12-4388-85C2-8880FE2224E2}.Debug|Any CPU.Build.0 = Debug|Any CPU
		{2C36AADB-9E12-4388-85C2-8880FE2224E2}.Release|Any CPU.ActiveCfg = Release|Any CPU
		{2C36AADB-9E12-4388-85C2-8880FE2224E2}.Release|Any CPU.Build.0 = Release|Any CPU
		{4CE5D8D3-91CC-4ECD-AF9D-73C77F66E268}.Debug|Any CPU.ActiveCfg = Debug|Any CPU
		{4CE5D8D3-91CC-4ECD-AF9D-73C77F66E268}.Debug|Any CPU.Build.0 = Debug|Any CPU
		{4CE5D8D3-91CC-4ECD-AF9D-73C77F66E268}.Release|Any CPU.ActiveCfg = Release|Any CPU
		{4CE5D8D3-91CC-4ECD-AF9D-73C77F66E268}.Release|Any CPU.Build.0 = Release|Any CPU
		{D940FE9A-8366-4CC5-9ED9-9DBB8D916AA0}.Debug|Any CPU.ActiveCfg = Debug|Any CPU
		{D940FE9A-8366-4CC5-9ED9-9DBB8D916AA0}.Debug|Any CPU.Build.0 = Debug|Any CPU
		{D940FE9A-8366-4CC5-9ED9-9DBB8D916AA0}.Release|Any CPU.ActiveCfg = Release|Any CPU
		{D940FE9A-8366-4CC5-9ED9-9DBB8D916AA0}.Release|Any CPU.Build.0 = Release|Any CPU
		{7D014603-E05A-4B1F-B7F5-97006936F19D}.Debug|Any CPU.ActiveCfg = Debug|Any CPU
		{7D014603-E05A-4B1F-B7F5-97006936F19D}.Debug|Any CPU.Build.0 = Debug|Any CPU
		{7D014603-E05A-4B1F-B7F5-97006936F19D}.Release|Any CPU.ActiveCfg = Release|Any CPU
		{7D014603-E05A-4B1F-B7F5-97006936F19D}.Release|Any CPU.Build.0 = Release|Any CPU
		{441E98C1-CA3E-4D19-8EBA-DB282B86A1C0}.Debug|Any CPU.ActiveCfg = Debug|Any CPU
		{441E98C1-CA3E-4D19-8EBA-DB282B86A1C0}.Debug|Any CPU.Build.0 = Debug|Any CPU
		{441E98C1-CA3E-4D19-8EBA-DB282B86A1C0}.Release|Any CPU.ActiveCfg = Release|Any CPU
		{441E98C1-CA3E-4D19-8EBA-DB282B86A1C0}.Release|Any CPU.Build.0 = Release|Any CPU
	EndGlobalSection
	GlobalSection(SolutionProperties) = preSolution
		HideSolutionNode = FALSE
	EndGlobalSection
	GlobalSection(NestedProjects) = preSolution
		{2832CF98-28B7-4EF8-952A-16E010FB4CF3} = {768AA1F7-9991-4D90-986B-46C67280A51E}
		{C9AF6593-1050-4E81-A5B4-8BEEC359AE54} = {2832CF98-28B7-4EF8-952A-16E010FB4CF3}
		{827A3753-901B-4386-BB1C-6F7A141F96E8} = {768AA1F7-9991-4D90-986B-46C67280A51E}
		{4420ABA2-6122-4B8D-BAD6-15C173D9CB1D} = {827A3753-901B-4386-BB1C-6F7A141F96E8}
		{5E2C3F24-B451-4CD2-89DA-34FB5DFBBE60} = {768AA1F7-9991-4D90-986B-46C67280A51E}
		{2F7AE640-930B-4B36-8287-B88AC74FACA2} = {5E2C3F24-B451-4CD2-89DA-34FB5DFBBE60}
		{D68CFA6A-3501-4559-BA6B-A239E6684C48} = {5E2C3F24-B451-4CD2-89DA-34FB5DFBBE60}
		{85A22659-2C3B-4604-9418-7BA894B644BA} = {5E2C3F24-B451-4CD2-89DA-34FB5DFBBE60}
		{6C49D17F-F49C-45E0-A5EF-2A724F33CE7F} = {2F7AE640-930B-4B36-8287-B88AC74FACA2}
		{88F3FB09-C3DD-491F-BFC0-27FA495E689B} = {2F7AE640-930B-4B36-8287-B88AC74FACA2}
		{EE893D09-A97F-4B95-B704-DB9E04773960} = {D68CFA6A-3501-4559-BA6B-A239E6684C48}
		{4740A6EC-11B2-4A59-B092-7C0C8E2CC2E7} = {85A22659-2C3B-4604-9418-7BA894B644BA}
		{7C6283BC-2BBD-438F-870B-6C332FB66375} = {4426781E-4250-4077-AAC1-56F0102283DB}
		{8673852D-1746-466A-942D-10889AF196C3} = {768AA1F7-9991-4D90-986B-46C67280A51E}
		{2C36AADB-9E12-4388-85C2-8880FE2224E2} = {8673852D-1746-466A-942D-10889AF196C3}
		{4CE5D8D3-91CC-4ECD-AF9D-73C77F66E268} = {8673852D-1746-466A-942D-10889AF196C3}
		{D940FE9A-8366-4CC5-9ED9-9DBB8D916AA0} = {8673852D-1746-466A-942D-10889AF196C3}
		{7D014603-E05A-4B1F-B7F5-97006936F19D} = {8673852D-1746-466A-942D-10889AF196C3}
		{441E98C1-CA3E-4D19-8EBA-DB282B86A1C0} = {8673852D-1746-466A-942D-10889AF196C3}
	EndGlobalSection
	GlobalSection(ExtensibilityGlobals) = postSolution
		SolutionGuid = {2A5F3F9C-17CE-4265-916F-0B85E10751C0}
	EndGlobalSection
EndGlobal
